
Microsoft Visual Studio Solution File, Format Version 11.00
# Visual Studio 2010
Project("{FAE04EC0-301F-11D3-BF4B-00C04F79EFBC}") = "Agatha.DVDRental.Ui", "Agatha.DVDRental.Ui\Agatha.DVDRental.Ui.csproj", "{772E4197-A7B5-47E4-8E9A-64A24676C808}"
EndProject
Project("{FAE04EC0-301F-11D3-BF4B-00C04F79EFBC}") = "Agatha.DVDRental.Messages", "Agatha.DVDRental.Messages\Agatha.DVDRental.Messages.csproj", "{1EAF46F7-B505-4A94-9BD7-3AEC457BD668}"
EndProject
Project("{2150E333-8FDC-42A3-9474-1A3956D46DE8}") = "Applcation", "Applcation", "{4052D44E-6FB1-431B-A3B3-F60E0F4EFBA7}"
EndProject
Project("{FAE04EC0-301F-11D3-BF4B-00C04F79EFBC}") = "Agatha.DVDRental.Infrastructure", "Agatha.DVDRental.Infrastructure\Agatha.DVDRental.Infrastructure.csproj", "{90422275-5A87-47BC-8630-5829E1BD1F96}"
EndProject
Project("{2150E333-8FDC-42A3-9474-1A3956D46DE8}") = ".nuget", ".nuget", "{F79A6828-E888-46D0-A74F-4B68B36F3226}"
	ProjectSection(SolutionItems) = preProject
		.nuget\NuGet.Config = .nuget\NuGet.Config
		.nuget\NuGet.exe = .nuget\NuGet.exe
		.nuget\NuGet.targets = .nuget\NuGet.targets
	EndProjectSection
EndProject
Project("{2150E333-8FDC-42A3-9474-1A3956D46DE8}") = "Domain", "Domain", "{E0A57C4A-48BF-462D-8A5D-242707ACA125}"
EndProject
Project("{FAE04EC0-301F-11D3-BF4B-00C04F79EFBC}") = "Agatha.DVDRental.Domain", "Agatha.DVDRental.Domain\Agatha.DVDRental.Domain.csproj", "{96BFCC1C-266F-4750-8C2C-F2EC595A04EF}"
EndProject
Project("{FAE04EC0-301F-11D3-BF4B-00C04F79EFBC}") = "Agatha.DVDRental.AllocationPolicy", "Agatha.DVDRental.AllocationPolicy\Agatha.DVDRental.AllocationPolicy.csproj", "{EC4A759C-3ACB-435D-8B6B-2CF05642AE80}"
EndProject
Project("{FAE04EC0-301F-11D3-BF4B-00C04F79EFBC}") = "Agatha.DVDRental.SubscriptionPolicy", "Agatha.DVDRental.SubscriptionPolicy\Agatha.DVDRental.SubscriptionPolicy.csproj", "{5AAF47F6-2567-4EA4-96F1-CE8D05507C14}"
EndProject
Project("{FAE04EC0-301F-11D3-BF4B-00C04F79EFBC}") = "Agatha.DVDRental.FulfillmentPolicy", "Agatha.DVDRental.FulfillmentPolicy\Agatha.DVDRental.FulfillmentPolicy.csproj", "{A6F9D03D-DD8D-4D63-817B-6C0C953342D3}"
EndProject
Project("{FAE04EC0-301F-11D3-BF4B-00C04F79EFBC}") = "Agatha.DVDRental.ApplicationService", "Agatha.DVDRental.ApplicationService\Agatha.DVDRental.ApplicationService.csproj", "{0758A98F-0FD2-4CD8-B507-0604281D7483}"
EndProject
Project("{FAE04EC0-301F-11D3-BF4B-00C04F79EFBC}") = "Agatha.DVDRental.Application.Ui", "Agatha.DVDRental.Application.Ui\Agatha.DVDRental.Application.Ui.csproj", "{056106D3-768E-4B4E-A19F-2413236098DD}"
EndProject
Global
	GlobalSection(SolutionConfigurationPlatforms) = preSolution
		Debug|Any CPU = Debug|Any CPU
		Release|Any CPU = Release|Any CPU
	EndGlobalSection
	GlobalSection(ProjectConfigurationPlatforms) = postSolution
		{772E4197-A7B5-47E4-8E9A-64A24676C808}.Debug|Any CPU.ActiveCfg = Debug|Any CPU
		{772E4197-A7B5-47E4-8E9A-64A24676C808}.Debug|Any CPU.Build.0 = Debug|Any CPU
		{772E4197-A7B5-47E4-8E9A-64A24676C808}.Release|Any CPU.ActiveCfg = Release|Any CPU
		{772E4197-A7B5-47E4-8E9A-64A24676C808}.Release|Any CPU.Build.0 = Release|Any CPU
		{1EAF46F7-B505-4A94-9BD7-3AEC457BD668}.Debug|Any CPU.ActiveCfg = Debug|Any CPU
		{1EAF46F7-B505-4A94-9BD7-3AEC457BD668}.Debug|Any CPU.Build.0 = Debug|Any CPU
		{1EAF46F7-B505-4A94-9BD7-3AEC457BD668}.Release|Any CPU.ActiveCfg = Release|Any CPU
		{1EAF46F7-B505-4A94-9BD7-3AEC457BD668}.Release|Any CPU.Build.0 = Release|Any CPU
		{90422275-5A87-47BC-8630-5829E1BD1F96}.Debug|Any CPU.ActiveCfg = Debug|Any CPU
		{90422275-5A87-47BC-8630-5829E1BD1F96}.Debug|Any CPU.Build.0 = Debug|Any CPU
		{90422275-5A87-47BC-8630-5829E1BD1F96}.Release|Any CPU.ActiveCfg = Release|Any CPU
		{90422275-5A87-47BC-8630-5829E1BD1F96}.Release|Any CPU.Build.0 = Release|Any CPU
		{96BFCC1C-266F-4750-8C2C-F2EC595A04EF}.Debug|Any CPU.ActiveCfg = Debug|Any CPU
		{96BFCC1C-266F-4750-8C2C-F2EC595A04EF}.Debug|Any CPU.Build.0 = Debug|Any CPU
		{96BFCC1C-266F-4750-8C2C-F2EC595A04EF}.Release|Any CPU.ActiveCfg = Release|Any CPU
		{96BFCC1C-266F-4750-8C2C-F2EC595A04EF}.Release|Any CPU.Build.0 = Release|Any CPU
		{EC4A759C-3ACB-435D-8B6B-2CF05642AE80}.Debug|Any CPU.ActiveCfg = Debug|Any CPU
		{EC4A759C-3ACB-435D-8B6B-2CF05642AE80}.Debug|Any CPU.Build.0 = Debug|Any CPU
		{EC4A759C-3ACB-435D-8B6B-2CF05642AE80}.Release|Any CPU.ActiveCfg = Release|Any CPU
		{EC4A759C-3ACB-435D-8B6B-2CF05642AE80}.Release|Any CPU.Build.0 = Release|Any CPU
		{5AAF47F6-2567-4EA4-96F1-CE8D05507C14}.Debug|Any CPU.ActiveCfg = Debug|Any CPU
		{5AAF47F6-2567-4EA4-96F1-CE8D05507C14}.Debug|Any CPU.Build.0 = Debug|Any CPU
		{5AAF47F6-2567-4EA4-96F1-CE8D05507C14}.Release|Any CPU.ActiveCfg = Release|Any CPU
		{5AAF47F6-2567-4EA4-96F1-CE8D05507C14}.Release|Any CPU.Build.0 = Release|Any CPU
		{A6F9D03D-DD8D-4D63-817B-6C0C953342D3}.Debug|Any CPU.ActiveCfg = Debug|Any CPU
		{A6F9D03D-DD8D-4D63-817B-6C0C953342D3}.Debug|Any CPU.Build.0 = Debug|Any CPU
		{A6F9D03D-DD8D-4D63-817B-6C0C953342D3}.Release|Any CPU.ActiveCfg = Release|Any CPU
		{A6F9D03D-DD8D-4D63-817B-6C0C953342D3}.Release|Any CPU.Build.0 = Release|Any CPU
		{0758A98F-0FD2-4CD8-B507-0604281D7483}.Debug|Any CPU.ActiveCfg = Debug|Any CPU
		{0758A98F-0FD2-4CD8-B507-0604281D7483}.Debug|Any CPU.Build.0 = Debug|Any CPU
		{0758A98F-0FD2-4CD8-B507-0604281D7483}.Release|Any CPU.ActiveCfg = Release|Any CPU
		{0758A98F-0FD2-4CD8-B507-0604281D7483}.Release|Any CPU.Build.0 = Release|Any CPU
		{056106D3-768E-4B4E-A19F-2413236098DD}.Debug|Any CPU.ActiveCfg = Debug|Any CPU
		{056106D3-768E-4B4E-A19F-2413236098DD}.Debug|Any CPU.Build.0 = Debug|Any CPU
		{056106D3-768E-4B4E-A19F-2413236098DD}.Release|Any CPU.ActiveCfg = Release|Any CPU
		{056106D3-768E-4B4E-A19F-2413236098DD}.Release|Any CPU.Build.0 = Release|Any CPU
	EndGlobalSection
	GlobalSection(SolutionProperties) = preSolution
		HideSolutionNode = FALSE
	EndGlobalSection
	GlobalSection(NestedProjects) = preSolution
		{1EAF46F7-B505-4A94-9BD7-3AEC457BD668} = {E0A57C4A-48BF-462D-8A5D-242707ACA125}
		{90422275-5A87-47BC-8630-5829E1BD1F96} = {E0A57C4A-48BF-462D-8A5D-242707ACA125}
		{EC4A759C-3ACB-435D-8B6B-2CF05642AE80} = {E0A57C4A-48BF-462D-8A5D-242707ACA125}
		{5AAF47F6-2567-4EA4-96F1-CE8D05507C14} = {E0A57C4A-48BF-462D-8A5D-242707ACA125}
		{A6F9D03D-DD8D-4D63-817B-6C0C953342D3} = {E0A57C4A-48BF-462D-8A5D-242707ACA125}
		{96BFCC1C-266F-4750-8C2C-F2EC595A04EF} = {E0A57C4A-48BF-462D-8A5D-242707ACA125}
		{772E4197-A7B5-47E4-8E9A-64A24676C808} = {4052D44E-6FB1-431B-A3B3-F60E0F4EFBA7}
		{0758A98F-0FD2-4CD8-B507-0604281D7483} = {4052D44E-6FB1-431B-A3B3-F60E0F4EFBA7}
		{056106D3-768E-4B4E-A19F-2413236098DD} = {4052D44E-6FB1-431B-A3B3-F60E0F4EFBA7}
	EndGlobalSection
EndGlobal
