
Microsoft Visual Studio Solution File, Format Version 11.00
# Visual Studio 2010
Project("{FAE04EC0-301F-11D3-BF4B-00C04F79EFBC}") = "Agatha.DVDRental.Ui", "Agatha.DVDRental.Ui\Agatha.DVDRental.Ui.csproj", "{772E4197-A7B5-47E4-8E9A-64A24676C808}"
EndProject
Project("{2150E333-8FDC-42A3-9474-1A3956D46DE8}") = "Public Application", "Public Application", "{4052D44E-6FB1-431B-A3B3-F60E0F4EFBA7}"
EndProject
Project("{2150E333-8FDC-42A3-9474-1A3956D46DE8}") = ".nuget", ".nuget", "{F79A6828-E888-46D0-A74F-4B68B36F3226}"
	ProjectSection(SolutionItems) = preProject
		.nuget\NuGet.Config = .nuget\NuGet.Config
		.nuget\NuGet.exe = .nuget\NuGet.exe
		.nuget\NuGet.targets = .nuget\NuGet.targets
	EndProjectSection
EndProject
Project("{2150E333-8FDC-42A3-9474-1A3956D46DE8}") = "Subscription", "Subscription", "{E0A57C4A-48BF-462D-8A5D-242707ACA125}"
EndProject
Project("{FAE04EC0-301F-11D3-BF4B-00C04F79EFBC}") = "Agatha.DVDRental.AllocationPolicy", "Agatha.DVDRental.AllocationPolicy\Agatha.DVDRental.AllocationPolicy.csproj", "{EC4A759C-3ACB-435D-8B6B-2CF05642AE80}"
EndProject
Project("{FAE04EC0-301F-11D3-BF4B-00C04F79EFBC}") = "Agatha.DVDRental.SubscriptionPolicy", "Agatha.DVDRental.SubscriptionPolicy\Agatha.DVDRental.SubscriptionPolicy.csproj", "{5AAF47F6-2567-4EA4-96F1-CE8D05507C14}"
EndProject
Project("{FAE04EC0-301F-11D3-BF4B-00C04F79EFBC}") = "Agatha.DVDRental.FulfillmentPolicy", "Agatha.DVDRental.FulfillmentPolicy\Agatha.DVDRental.FulfillmentPolicy.csproj", "{A6F9D03D-DD8D-4D63-817B-6C0C953342D3}"
EndProject
Project("{2150E333-8FDC-42A3-9474-1A3956D46DE8}") = "Operational Application", "Operational Application", "{5B241A27-3FFD-4180-92D0-1A4A80530C3A}"
EndProject
Project("{FAE04EC0-301F-11D3-BF4B-00C04F79EFBC}") = "Agatha.DVDRental.Operational.ApplicationService", "Agatha.DVDRental.Operational.ApplicationService\Agatha.DVDRental.Operational.ApplicationService.csproj", "{DC35F462-556C-440D-A84B-A922EFEB0B1E}"
EndProject
Project("{FAE04EC0-301F-11D3-BF4B-00C04F79EFBC}") = "Agatha.DVDRental.Public.ApplicationService", "Agatha.DVDRental.Public.ApplicationService\Agatha.DVDRental.Public.ApplicationService.csproj", "{B1394E20-ABEA-4F24-BE0B-0D94CB7BA2DA}"
EndProject
Project("{FAE04EC0-301F-11D3-BF4B-00C04F79EFBC}") = "Agatha.DVDRental.Operational.UI", "Agatha.DVDRental.Operational.UI\Agatha.DVDRental.Operational.UI.csproj", "{3F123850-512F-4226-85A7-4CD4508ABF73}"
EndProject
Project("{2150E333-8FDC-42A3-9474-1A3956D46DE8}") = "Catalogue", "Catalogue", "{223C8E72-B0A7-4987-BE09-CAE9D1BB850F}"
EndProject
Project("{2150E333-8FDC-42A3-9474-1A3956D46DE8}") = "Fulfillment", "Fulfillment", "{8D5DD046-4E74-4BF1-8288-AB1E105E287E}"
EndProject
Project("{2150E333-8FDC-42A3-9474-1A3956D46DE8}") = "UI", "UI", "{BD548963-0784-46A4-8E20-AD8796BF77F7}"
EndProject
Project("{2150E333-8FDC-42A3-9474-1A3956D46DE8}") = "Bounded Contexts", "Bounded Contexts", "{578D42E8-19EB-45DD-AB43-FFAFDFB640FD}"
EndProject
Project("{FAE04EC0-301F-11D3-BF4B-00C04F79EFBC}") = "Agatha.DVDRental.Catalogue", "Agatha.DVDRental.Catalogue\Agatha.DVDRental.Catalogue.csproj", "{6ECEF29D-3830-4290-875E-622CE848120E}"
EndProject
Project("{FAE04EC0-301F-11D3-BF4B-00C04F79EFBC}") = "Agatha.DVDRental.Subscription.Contracts", "Agatha.DVDRental.Subscription.Contracts\Agatha.DVDRental.Subscription.Contracts.csproj", "{F9BA254F-299C-4FB1-A3DD-1C74A5FD95EE}"
EndProject
Project("{FAE04EC0-301F-11D3-BF4B-00C04F79EFBC}") = "Agatha.DVDRental.Fulfillment.Contracts", "Agatha.DVDRental.Fulfillment.Contracts\Agatha.DVDRental.Fulfillment.Contracts.csproj", "{BA561918-67D6-45A6-A704-A20796E92264}"
EndProject
Project("{FAE04EC0-301F-11D3-BF4B-00C04F79EFBC}") = "Agatha.DVDRental.Fulfillment", "Agatha.DVDRental.Fulfillment\Agatha.DVDRental.Fulfillment.csproj", "{1ABD8B53-FEB3-441C-9EB8-E88F9C58A39E}"
EndProject
Project("{FAE04EC0-301F-11D3-BF4B-00C04F79EFBC}") = "Agatha.DVDRental.Billing", "Agatha.DVDRental.Billing\Agatha.DVDRental.Billing.csproj", "{00B28C32-8601-4F41-B9AF-EF6346B66BB7}"
EndProject
Project("{2150E333-8FDC-42A3-9474-1A3956D46DE8}") = "Billing", "Billing", "{3A0D0FFA-63FF-4B27-8527-A70046B36271}"
EndProject
Project("{FAE04EC0-301F-11D3-BF4B-00C04F79EFBC}") = "Agatha.DVDRental.Subscription", "Agatha.DVDRental.Subscription\Agatha.DVDRental.Subscription.csproj", "{2199A021-3EB3-4538-94B6-BF5482C68813}"
EndProject
Project("{FAE04EC0-301F-11D3-BF4B-00C04F79EFBC}") = "Agatha.DVDRental.Fulfillment.ApplicationService", "Agatha.DVDRental.Fulfillment.ApplicationService\Agatha.DVDRental.Fulfillment.ApplicationService.csproj", "{722806C5-5372-47CE-91C0-36B4A1488D78}"
EndProject
Project("{FAE04EC0-301F-11D3-BF4B-00C04F79EFBC}") = "Agatha.DVDRental.Public.MessageForwarder", "Agatha.DVDRental.Public.MessageForwarder\Agatha.DVDRental.Public.MessageForwarder.csproj", "{2EE8B36D-6F50-4511-A945-80066395B335}"
EndProject
Global
	GlobalSection(SolutionConfigurationPlatforms) = preSolution
		Debug|Any CPU = Debug|Any CPU
		Release|Any CPU = Release|Any CPU
	EndGlobalSection
	GlobalSection(ProjectConfigurationPlatforms) = postSolution
		{772E4197-A7B5-47E4-8E9A-64A24676C808}.Debug|Any CPU.ActiveCfg = Debug|Any CPU
		{772E4197-A7B5-47E4-8E9A-64A24676C808}.Debug|Any CPU.Build.0 = Debug|Any CPU
		{772E4197-A7B5-47E4-8E9A-64A24676C808}.Release|Any CPU.ActiveCfg = Release|Any CPU
		{772E4197-A7B5-47E4-8E9A-64A24676C808}.Release|Any CPU.Build.0 = Release|Any CPU
		{EC4A759C-3ACB-435D-8B6B-2CF05642AE80}.Debug|Any CPU.ActiveCfg = Debug|Any CPU
		{EC4A759C-3ACB-435D-8B6B-2CF05642AE80}.Debug|Any CPU.Build.0 = Debug|Any CPU
		{EC4A759C-3ACB-435D-8B6B-2CF05642AE80}.Release|Any CPU.ActiveCfg = Release|Any CPU
		{EC4A759C-3ACB-435D-8B6B-2CF05642AE80}.Release|Any CPU.Build.0 = Release|Any CPU
		{5AAF47F6-2567-4EA4-96F1-CE8D05507C14}.Debug|Any CPU.ActiveCfg = Debug|Any CPU
		{5AAF47F6-2567-4EA4-96F1-CE8D05507C14}.Debug|Any CPU.Build.0 = Debug|Any CPU
		{5AAF47F6-2567-4EA4-96F1-CE8D05507C14}.Release|Any CPU.ActiveCfg = Release|Any CPU
		{5AAF47F6-2567-4EA4-96F1-CE8D05507C14}.Release|Any CPU.Build.0 = Release|Any CPU
		{A6F9D03D-DD8D-4D63-817B-6C0C953342D3}.Debug|Any CPU.ActiveCfg = Debug|Any CPU
		{A6F9D03D-DD8D-4D63-817B-6C0C953342D3}.Debug|Any CPU.Build.0 = Debug|Any CPU
		{A6F9D03D-DD8D-4D63-817B-6C0C953342D3}.Release|Any CPU.ActiveCfg = Release|Any CPU
		{A6F9D03D-DD8D-4D63-817B-6C0C953342D3}.Release|Any CPU.Build.0 = Release|Any CPU
		{DC35F462-556C-440D-A84B-A922EFEB0B1E}.Debug|Any CPU.ActiveCfg = Debug|Any CPU
		{DC35F462-556C-440D-A84B-A922EFEB0B1E}.Debug|Any CPU.Build.0 = Debug|Any CPU
		{DC35F462-556C-440D-A84B-A922EFEB0B1E}.Release|Any CPU.ActiveCfg = Release|Any CPU
		{DC35F462-556C-440D-A84B-A922EFEB0B1E}.Release|Any CPU.Build.0 = Release|Any CPU
		{B1394E20-ABEA-4F24-BE0B-0D94CB7BA2DA}.Debug|Any CPU.ActiveCfg = Debug|Any CPU
		{B1394E20-ABEA-4F24-BE0B-0D94CB7BA2DA}.Debug|Any CPU.Build.0 = Debug|Any CPU
		{B1394E20-ABEA-4F24-BE0B-0D94CB7BA2DA}.Release|Any CPU.ActiveCfg = Release|Any CPU
		{B1394E20-ABEA-4F24-BE0B-0D94CB7BA2DA}.Release|Any CPU.Build.0 = Release|Any CPU
		{3F123850-512F-4226-85A7-4CD4508ABF73}.Debug|Any CPU.ActiveCfg = Debug|Any CPU
		{3F123850-512F-4226-85A7-4CD4508ABF73}.Debug|Any CPU.Build.0 = Debug|Any CPU
		{3F123850-512F-4226-85A7-4CD4508ABF73}.Release|Any CPU.ActiveCfg = Release|Any CPU
		{3F123850-512F-4226-85A7-4CD4508ABF73}.Release|Any CPU.Build.0 = Release|Any CPU
		{6ECEF29D-3830-4290-875E-622CE848120E}.Debug|Any CPU.ActiveCfg = Debug|Any CPU
		{6ECEF29D-3830-4290-875E-622CE848120E}.Debug|Any CPU.Build.0 = Debug|Any CPU
		{6ECEF29D-3830-4290-875E-622CE848120E}.Release|Any CPU.ActiveCfg = Release|Any CPU
		{6ECEF29D-3830-4290-875E-622CE848120E}.Release|Any CPU.Build.0 = Release|Any CPU
		{F9BA254F-299C-4FB1-A3DD-1C74A5FD95EE}.Debug|Any CPU.ActiveCfg = Debug|Any CPU
		{F9BA254F-299C-4FB1-A3DD-1C74A5FD95EE}.Debug|Any CPU.Build.0 = Debug|Any CPU
		{F9BA254F-299C-4FB1-A3DD-1C74A5FD95EE}.Release|Any CPU.ActiveCfg = Release|Any CPU
		{F9BA254F-299C-4FB1-A3DD-1C74A5FD95EE}.Release|Any CPU.Build.0 = Release|Any CPU
		{BA561918-67D6-45A6-A704-A20796E92264}.Debug|Any CPU.ActiveCfg = Debug|Any CPU
		{BA561918-67D6-45A6-A704-A20796E92264}.Debug|Any CPU.Build.0 = Debug|Any CPU
		{BA561918-67D6-45A6-A704-A20796E92264}.Release|Any CPU.ActiveCfg = Release|Any CPU
		{BA561918-67D6-45A6-A704-A20796E92264}.Release|Any CPU.Build.0 = Release|Any CPU
		{1ABD8B53-FEB3-441C-9EB8-E88F9C58A39E}.Debug|Any CPU.ActiveCfg = Debug|Any CPU
		{1ABD8B53-FEB3-441C-9EB8-E88F9C58A39E}.Debug|Any CPU.Build.0 = Debug|Any CPU
		{1ABD8B53-FEB3-441C-9EB8-E88F9C58A39E}.Release|Any CPU.ActiveCfg = Release|Any CPU
		{1ABD8B53-FEB3-441C-9EB8-E88F9C58A39E}.Release|Any CPU.Build.0 = Release|Any CPU
		{00B28C32-8601-4F41-B9AF-EF6346B66BB7}.Debug|Any CPU.ActiveCfg = Debug|Any CPU
		{00B28C32-8601-4F41-B9AF-EF6346B66BB7}.Debug|Any CPU.Build.0 = Debug|Any CPU
		{00B28C32-8601-4F41-B9AF-EF6346B66BB7}.Release|Any CPU.ActiveCfg = Release|Any CPU
		{00B28C32-8601-4F41-B9AF-EF6346B66BB7}.Release|Any CPU.Build.0 = Release|Any CPU
		{2199A021-3EB3-4538-94B6-BF5482C68813}.Debug|Any CPU.ActiveCfg = Debug|Any CPU
		{2199A021-3EB3-4538-94B6-BF5482C68813}.Debug|Any CPU.Build.0 = Debug|Any CPU
		{2199A021-3EB3-4538-94B6-BF5482C68813}.Release|Any CPU.ActiveCfg = Release|Any CPU
		{2199A021-3EB3-4538-94B6-BF5482C68813}.Release|Any CPU.Build.0 = Release|Any CPU
		{722806C5-5372-47CE-91C0-36B4A1488D78}.Debug|Any CPU.ActiveCfg = Debug|Any CPU
		{722806C5-5372-47CE-91C0-36B4A1488D78}.Debug|Any CPU.Build.0 = Debug|Any CPU
		{722806C5-5372-47CE-91C0-36B4A1488D78}.Release|Any CPU.ActiveCfg = Release|Any CPU
		{722806C5-5372-47CE-91C0-36B4A1488D78}.Release|Any CPU.Build.0 = Release|Any CPU
		{2EE8B36D-6F50-4511-A945-80066395B335}.Debug|Any CPU.ActiveCfg = Debug|Any CPU
		{2EE8B36D-6F50-4511-A945-80066395B335}.Debug|Any CPU.Build.0 = Debug|Any CPU
		{2EE8B36D-6F50-4511-A945-80066395B335}.Release|Any CPU.ActiveCfg = Release|Any CPU
		{2EE8B36D-6F50-4511-A945-80066395B335}.Release|Any CPU.Build.0 = Release|Any CPU
	EndGlobalSection
	GlobalSection(SolutionProperties) = preSolution
		HideSolutionNode = FALSE
	EndGlobalSection
	GlobalSection(NestedProjects) = preSolution
		{4052D44E-6FB1-431B-A3B3-F60E0F4EFBA7} = {BD548963-0784-46A4-8E20-AD8796BF77F7}
		{5B241A27-3FFD-4180-92D0-1A4A80530C3A} = {BD548963-0784-46A4-8E20-AD8796BF77F7}
		{B1394E20-ABEA-4F24-BE0B-0D94CB7BA2DA} = {4052D44E-6FB1-431B-A3B3-F60E0F4EFBA7}
		{772E4197-A7B5-47E4-8E9A-64A24676C808} = {4052D44E-6FB1-431B-A3B3-F60E0F4EFBA7}
		{2EE8B36D-6F50-4511-A945-80066395B335} = {4052D44E-6FB1-431B-A3B3-F60E0F4EFBA7}
		{E0A57C4A-48BF-462D-8A5D-242707ACA125} = {578D42E8-19EB-45DD-AB43-FFAFDFB640FD}
		{8D5DD046-4E74-4BF1-8288-AB1E105E287E} = {578D42E8-19EB-45DD-AB43-FFAFDFB640FD}
		{223C8E72-B0A7-4987-BE09-CAE9D1BB850F} = {578D42E8-19EB-45DD-AB43-FFAFDFB640FD}
		{3A0D0FFA-63FF-4B27-8527-A70046B36271} = {578D42E8-19EB-45DD-AB43-FFAFDFB640FD}
		{5AAF47F6-2567-4EA4-96F1-CE8D05507C14} = {E0A57C4A-48BF-462D-8A5D-242707ACA125}
		{EC4A759C-3ACB-435D-8B6B-2CF05642AE80} = {E0A57C4A-48BF-462D-8A5D-242707ACA125}
		{F9BA254F-299C-4FB1-A3DD-1C74A5FD95EE} = {E0A57C4A-48BF-462D-8A5D-242707ACA125}
		{2199A021-3EB3-4538-94B6-BF5482C68813} = {E0A57C4A-48BF-462D-8A5D-242707ACA125}
		{A6F9D03D-DD8D-4D63-817B-6C0C953342D3} = {8D5DD046-4E74-4BF1-8288-AB1E105E287E}
		{BA561918-67D6-45A6-A704-A20796E92264} = {8D5DD046-4E74-4BF1-8288-AB1E105E287E}
		{1ABD8B53-FEB3-441C-9EB8-E88F9C58A39E} = {8D5DD046-4E74-4BF1-8288-AB1E105E287E}
		{722806C5-5372-47CE-91C0-36B4A1488D78} = {8D5DD046-4E74-4BF1-8288-AB1E105E287E}
		{DC35F462-556C-440D-A84B-A922EFEB0B1E} = {5B241A27-3FFD-4180-92D0-1A4A80530C3A}
		{3F123850-512F-4226-85A7-4CD4508ABF73} = {5B241A27-3FFD-4180-92D0-1A4A80530C3A}
		{6ECEF29D-3830-4290-875E-622CE848120E} = {223C8E72-B0A7-4987-BE09-CAE9D1BB850F}
		{00B28C32-8601-4F41-B9AF-EF6346B66BB7} = {3A0D0FFA-63FF-4B27-8527-A70046B36271}
	EndGlobalSection
EndGlobal
